
Microsoft Visual Studio Solution File, Format Version 12.00
# Visual Studio Version 17
VisualStudioVersion = 17.2.32616.157
MinimumVisualStudioVersion = 10.0.40219.1
Project("{FAE04EC0-301F-11D3-BF4B-00C04F79EFBC}") = "MyWebApplication2", "MyWebApplication2\MyWebApplication2.csproj", "{B4CA4314-3CE2-462C-A3A8-1200887BBE1D}"
EndProject
Global
	GlobalSection(SolutionConfigurationPlatforms) = preSolution
		Debug|Any CPU = Debug|Any CPU
		Release|Any CPU = Release|Any CPU
	EndGlobalSection
	GlobalSection(ProjectConfigurationPlatforms) = postSolution
		{B4CA4314-3CE2-462C-A3A8-1200887BBE1D}.Debug|Any CPU.ActiveCfg = Debug|Any CPU
		{B4CA4314-3CE2-462C-A3A8-1200887BBE1D}.Debug|Any CPU.Build.0 = Debug|Any CPU
		{B4CA4314-3CE2-462C-A3A8-1200887BBE1D}.Release|Any CPU.ActiveCfg = Release|Any CPU
		{B4CA4314-3CE2-462C-A3A8-1200887BBE1D}.Release|Any CPU.Build.0 = Release|Any CPU
	EndGlobalSection
	GlobalSection(SolutionProperties) = preSolution
		HideSolutionNode = FALSE
	EndGlobalSection
	GlobalSection(ExtensibilityGlobals) = postSolution
		SolutionGuid = {0E1F1E90-1AD5-48E4-9B92-FE1391EA4846}
	EndGlobalSection
EndGlobal
